# This file is automatically @generated by Cargo.
# It is not intended for manual editing.
version = 4

[[package]]
name = "api"
version = "26.1.0-alpha.1"
dependencies = [
 "core",
]

[[package]]
name = "app"
version = "26.1.0-alpha.1"
dependencies = [
 "core",
]

[[package]]
name = "audit"
version = "26.1.0-alpha.1"
dependencies = [
 "core",
]

[[package]]
name = "auth"
version = "26.1.0-alpha.1"
dependencies = [
 "core",
]

[[package]]
name = "core"
version = "26.1.0-alpha.1"

[[package]]
name = "ingestion"
version = "26.1.0-alpha.1"
dependencies = [
 "core",
 "object_model",
]

[[package]]
name = "object_model"
version = "26.1.0-alpha.1"
dependencies = [
 "core",
]

[[package]]
name = "observability"
version = "26.1.0-alpha.1"
dependencies = [
 "core",
]

[[package]]
name = "search"
version = "26.1.0-alpha.1"
dependencies = [
 "core",
 "object_model",
]

[[package]]
name = "storage"
version = "26.1.0-alpha.1"
dependencies = [
 "core",
]

[[package]]
name = "workflow"
version = "26.1.0-alpha.1"
dependencies = [
 "auth",
 "core",
 "object_model",
]
